// !$*UTF8*$!
{
	archiveVersion = 1;
	classes = {
	};
	objectVersion = 50;
	objects = {

/* Begin PBXBuildFile section */
		B30C0256254A6AC200D3632A /* ARViewExtension.m in Sources */ = {isa = PBXBuildFile; fileRef = B30C0255254A6AC200D3632A /* ARViewExtension.m */; };
		B3511C6725A5C3AB00957788 /* PopOverView.m in Sources */ = {isa = PBXBuildFile; fileRef = B3511C6625A5C3AB00957788 /* PopOverView.m */; };
		B355B64726452E4800633D35 /* UnityFramework.framework in Frameworks */ = {isa = PBXBuildFile; fileRef = B355B64526452E4400633D35 /* UnityFramework.framework */; };
		B355B64826452E4800633D35 /* UnityFramework.framework in Embed Frameworks */ = {isa = PBXBuildFile; fileRef = B355B64526452E4400633D35 /* UnityFramework.framework */; settings = {ATTRIBUTES = (CodeSignOnCopy, RemoveHeadersOnCopy, ); }; };
		B36FEB9725441119004763FE /* SceneDelegate.m in Sources */ = {isa = PBXBuildFile; fileRef = B36FEB9625441119004763FE /* SceneDelegate.m */; };
		B373439A25B321C600590B84 /* NSObject+ARMOD.mm in Sources */ = {isa = PBXBuildFile; fileRef = B373439925B321C600590B84 /* NSObject+ARMOD.mm */; };
		B3809DCF2547F41F00B7CF51 /* AppConfig.plist in Resources */ = {isa = PBXBuildFile; fileRef = B3809DCE2547F41F00B7CF51 /* AppConfig.plist */; };
		B3C1A4C925471A2F003BC8FA /* main.mm in Sources */ = {isa = PBXBuildFile; fileRef = B3C1A4C825471A2F003BC8FA /* main.mm */; };
		B3D9DD7C2546CBD600249BA4 /* ARViewUI.m in Sources */ = {isa = PBXBuildFile; fileRef = B3D9DD7B2546CBD600249BA4 /* ARViewUI.m */; };
		B3F49A612542E7EB00945CC6 /* AppDelegate.m in Sources */ = {isa = PBXBuildFile; fileRef = B3F49A602542E7EB00945CC6 /* AppDelegate.m */; };
		B3F49A672542E7EB00945CC6 /* ViewController.m in Sources */ = {isa = PBXBuildFile; fileRef = B3F49A662542E7EB00945CC6 /* ViewController.m */; };
		B3F49A6A2542E7EB00945CC6 /* Main.storyboard in Resources */ = {isa = PBXBuildFile; fileRef = B3F49A682542E7EB00945CC6 /* Main.storyboard */; };
		B3F49A6D2542E7EB00945CC6 /* ARDemo.xcdatamodeld in Sources */ = {isa = PBXBuildFile; fileRef = B3F49A6B2542E7EB00945CC6 /* ARDemo.xcdatamodeld */; };
		B3F49A6F2542E7EC00945CC6 /* Assets.xcassets in Resources */ = {isa = PBXBuildFile; fileRef = B3F49A6E2542E7EC00945CC6 /* Assets.xcassets */; };
		B3F49A722542E7EC00945CC6 /* LaunchScreen.storyboard in Resources */ = {isa = PBXBuildFile; fileRef = B3F49A702542E7EC00945CC6 /* LaunchScreen.storyboard */; };
		B3F71EE32553CC73009A92A7 /* LoadingView.m in Sources */ = {isa = PBXBuildFile; fileRef = B3F71EE22553CC73009A92A7 /* LoadingView.m */; };
/* End PBXBuildFile section */

/* Begin PBXCopyFilesBuildPhase section */
		B355B64426452CEA00633D35 /* Embed Frameworks */ = {
			isa = PBXCopyFilesBuildPhase;
			buildActionMask = 2147483647;
			dstPath = "";
			dstSubfolderSpec = 10;
			files = (
				B355B64826452E4800633D35 /* UnityFramework.framework in Embed Frameworks */,
			);
			name = "Embed Frameworks";
			runOnlyForDeploymentPostprocessing = 0;
		};
/* End PBXCopyFilesBuildPhase section */

/* Begin PBXFileReference section */
		B30C0254254A6AC200D3632A /* ARViewExtension.h */ = {isa = PBXFileReference; lastKnownFileType = sourcecode.c.h; path = ARViewExtension.h; sourceTree = "<group>"; };
		B30C0255254A6AC200D3632A /* ARViewExtension.m */ = {isa = PBXFileReference; lastKnownFileType = sourcecode.c.objc; path = ARViewExtension.m; sourceTree = "<group>"; };
		B3511C6525A5C3A300957788 /* PopOverView.h */ = {isa = PBXFileReference; lastKnownFileType = sourcecode.c.h; path = PopOverView.h; sourceTree = "<group>"; };
		B3511C6625A5C3AB00957788 /* PopOverView.m */ = {isa = PBXFileReference; lastKnownFileType = sourcecode.c.objc; path = PopOverView.m; sourceTree = "<group>"; };
		B355B64526452E4400633D35 /* UnityFramework.framework */ = {isa = PBXFileReference; lastKnownFileType = wrapper.framework; path = UnityFramework.framework; sourceTree = "<group>"; };
		B36FEB9525441119004763FE /* SceneDelegate.h */ = {isa = PBXFileReference; fileEncoding = 4; lastKnownFileType = sourcecode.c.h; path = SceneDelegate.h; sourceTree = "<group>"; };
		B36FEB9625441119004763FE /* SceneDelegate.m */ = {isa = PBXFileReference; fileEncoding = 4; lastKnownFileType = sourcecode.c.objc; path = SceneDelegate.m; sourceTree = "<group>"; };
		B373439825B321C600590B84 /* NSObject+ARMOD.h */ = {isa = PBXFileReference; fileEncoding = 4; lastKnownFileType = sourcecode.c.h; path = "NSObject+ARMOD.h"; sourceTree = "<group>"; };
		B373439925B321C600590B84 /* NSObject+ARMOD.mm */ = {isa = PBXFileReference; fileEncoding = 4; lastKnownFileType = sourcecode.cpp.objcpp; path = "NSObject+ARMOD.mm"; sourceTree = "<group>"; };
		B3809DCE2547F41F00B7CF51 /* AppConfig.plist */ = {isa = PBXFileReference; lastKnownFileType = text.plist.xml; path = AppConfig.plist; sourceTree = "<group>"; };
		B3809DDF2548186F00B7CF51 /* CoreTelephony.framework */ = {isa = PBXFileReference; lastKnownFileType = wrapper.framework; name = CoreTelephony.framework; path = System/Library/Frameworks/CoreTelephony.framework; sourceTree = SDKROOT; };
		B3C1A4C825471A2F003BC8FA /* main.mm */ = {isa = PBXFileReference; lastKnownFileType = sourcecode.cpp.objcpp; path = main.mm; sourceTree = "<group>"; };
		B3D9DD7A2546CBD600249BA4 /* ARViewUI.h */ = {isa = PBXFileReference; lastKnownFileType = sourcecode.c.h; path = ARViewUI.h; sourceTree = "<group>"; };
		B3D9DD7B2546CBD600249BA4 /* ARViewUI.m */ = {isa = PBXFileReference; lastKnownFileType = sourcecode.c.objc; path = ARViewUI.m; sourceTree = "<group>"; };
		B3F49A5C2542E7EB00945CC6 /* ARDemo.app */ = {isa = PBXFileReference; explicitFileType = wrapper.application; includeInIndex = 0; path = ARDemo.app; sourceTree = BUILT_PRODUCTS_DIR; };
		B3F49A5F2542E7EB00945CC6 /* AppDelegate.h */ = {isa = PBXFileReference; lastKnownFileType = sourcecode.c.h; path = AppDelegate.h; sourceTree = "<group>"; };
		B3F49A602542E7EB00945CC6 /* AppDelegate.m */ = {isa = PBXFileReference; lastKnownFileType = sourcecode.c.objc; path = AppDelegate.m; sourceTree = "<group>"; };
		B3F49A652542E7EB00945CC6 /* ViewController.h */ = {isa = PBXFileReference; lastKnownFileType = sourcecode.c.h; path = ViewController.h; sourceTree = "<group>"; };
		B3F49A662542E7EB00945CC6 /* ViewController.m */ = {isa = PBXFileReference; lastKnownFileType = sourcecode.c.objc; path = ViewController.m; sourceTree = "<group>"; };
		B3F49A692542E7EB00945CC6 /* Base */ = {isa = PBXFileReference; lastKnownFileType = file.storyboard; name = Base; path = Base.lproj/Main.storyboard; sourceTree = "<group>"; };
		B3F49A6C2542E7EB00945CC6 /* ARDemo.xcdatamodel */ = {isa = PBXFileReference; lastKnownFileType = wrapper.xcdatamodel; path = ARDemo.xcdatamodel; sourceTree = "<group>"; };
		B3F49A6E2542E7EC00945CC6 /* Assets.xcassets */ = {isa = PBXFileReference; lastKnownFileType = folder.assetcatalog; path = Assets.xcassets; sourceTree = "<group>"; };
		B3F49A712542E7EC00945CC6 /* Base */ = {isa = PBXFileReference; lastKnownFileType = file.storyboard; name = Base; path = Base.lproj/LaunchScreen.storyboard; sourceTree = "<group>"; };
		B3F49A732542E7EC00945CC6 /* Info.plist */ = {isa = PBXFileReference; lastKnownFileType = text.plist.xml; path = Info.plist; sourceTree = "<group>"; };
		B3F71EE12553CC73009A92A7 /* LoadingView.h */ = {isa = PBXFileReference; lastKnownFileType = sourcecode.c.h; path = LoadingView.h; sourceTree = "<group>"; };
		B3F71EE22553CC73009A92A7 /* LoadingView.m */ = {isa = PBXFileReference; lastKnownFileType = sourcecode.c.objc; path = LoadingView.m; sourceTree = "<group>"; };
		B3FB80D02552C4AF008BE402 /* libc++.tbd */ = {isa = PBXFileReference; lastKnownFileType = "sourcecode.text-based-dylib-definition"; name = "libc++.tbd"; path = "usr/lib/libc++.tbd"; sourceTree = SDKROOT; };
/* End PBXFileReference section */

/* Begin PBXFrameworksBuildPhase section */
		B3F49A592542E7EB00945CC6 /* Frameworks */ = {
			isa = PBXFrameworksBuildPhase;
			buildActionMask = 2147483647;
			files = (
				B355B64726452E4800633D35 /* UnityFramework.framework in Frameworks */,
			);
			runOnlyForDeploymentPostprocessing = 0;
		};
/* End PBXFrameworksBuildPhase section */

/* Begin PBXGroup section */
		B355B63C2645201200633D35 /* ARMOD SDK */ = {
			isa = PBXGroup;
			children = (
				B355B64526452E4400633D35 /* UnityFramework.framework */,
				B373439825B321C600590B84 /* NSObject+ARMOD.h */,
				B373439925B321C600590B84 /* NSObject+ARMOD.mm */,
			);
			path = "ARMOD SDK";
			sourceTree = "<group>";
		};
		B355B63F2645207200633D35 /* ARMOD UI */ = {
			isa = PBXGroup;
			children = (
				B30C0254254A6AC200D3632A /* ARViewExtension.h */,
				B30C0255254A6AC200D3632A /* ARViewExtension.m */,
				B3D9DD7A2546CBD600249BA4 /* ARViewUI.h */,
				B3D9DD7B2546CBD600249BA4 /* ARViewUI.m */,
				B3F71EE12553CC73009A92A7 /* LoadingView.h */,
				B3F71EE22553CC73009A92A7 /* LoadingView.m */,
				B3511C6525A5C3A300957788 /* PopOverView.h */,
				B3511C6625A5C3AB00957788 /* PopOverView.m */,
			);
			path = "ARMOD UI";
			sourceTree = "<group>";
		};
		B36FEBA025447AD9004763FE /* Frameworks */ = {
			isa = PBXGroup;
			children = (
				B3FB80D02552C4AF008BE402 /* libc++.tbd */,
				B3809DDF2548186F00B7CF51 /* CoreTelephony.framework */,
			);
			name = Frameworks;
			sourceTree = "<group>";
		};
		B3F49A532542E7EB00945CC6 = {
			isa = PBXGroup;
			children = (
				B3F49A5E2542E7EB00945CC6 /* ARDemo */,
				B3F49A5D2542E7EB00945CC6 /* Products */,
				B36FEBA025447AD9004763FE /* Frameworks */,
			);
			sourceTree = "<group>";
		};
		B3F49A5D2542E7EB00945CC6 /* Products */ = {
			isa = PBXGroup;
			children = (
				B3F49A5C2542E7EB00945CC6 /* ARDemo.app */,
			);
			name = Products;
			sourceTree = "<group>";
		};
		B3F49A5E2542E7EB00945CC6 /* ARDemo */ = {
			isa = PBXGroup;
			children = (
				B3809DCE2547F41F00B7CF51 /* AppConfig.plist */,
				B355B63F2645207200633D35 /* ARMOD UI */,
				B355B63C2645201200633D35 /* ARMOD SDK */,
				B3F49A5F2542E7EB00945CC6 /* AppDelegate.h */,
				B3F49A602542E7EB00945CC6 /* AppDelegate.m */,
				B3F49A652542E7EB00945CC6 /* ViewController.h */,
				B3F49A662542E7EB00945CC6 /* ViewController.m */,
				B36FEB9525441119004763FE /* SceneDelegate.h */,
				B36FEB9625441119004763FE /* SceneDelegate.m */,
				B3F49A682542E7EB00945CC6 /* Main.storyboard */,
				B3F49A6E2542E7EC00945CC6 /* Assets.xcassets */,
				B3F49A702542E7EC00945CC6 /* LaunchScreen.storyboard */,
				B3F49A732542E7EC00945CC6 /* Info.plist */,
				B3F49A6B2542E7EB00945CC6 /* ARDemo.xcdatamodeld */,
				B3C1A4C825471A2F003BC8FA /* main.mm */,
			);
			path = ARDemo;
			sourceTree = "<group>";
		};
/* End PBXGroup section */

/* Begin PBXNativeTarget section */
		B3F49A5B2542E7EB00945CC6 /* ARDemo */ = {
			isa = PBXNativeTarget;
			buildConfigurationList = B3F49A782542E7EC00945CC6 /* Build configuration list for PBXNativeTarget "ARDemo" */;
			buildPhases = (
				B3F49A582542E7EB00945CC6 /* Sources */,
				B3F49A592542E7EB00945CC6 /* Frameworks */,
				B3F49A5A2542E7EB00945CC6 /* Resources */,
				B355B64426452CEA00633D35 /* Embed Frameworks */,
			);
			buildRules = (
			);
			dependencies = (
			);
			name = ARDemo;
			productName = ARDemo;
			productReference = B3F49A5C2542E7EB00945CC6 /* ARDemo.app */;
			productType = "com.apple.product-type.application";
		};
/* End PBXNativeTarget section */

/* Begin PBXProject section */
		B3F49A542542E7EB00945CC6 /* Project object */ = {
			isa = PBXProject;
			attributes = {
				LastUpgradeCheck = 1210;
				TargetAttributes = {
					B3F49A5B2542E7EB00945CC6 = {
						CreatedOnToolsVersion = 12.1;
						LastSwiftMigration = 1220;
					};
				};
			};
			buildConfigurationList = B3F49A572542E7EB00945CC6 /* Build configuration list for PBXProject "ARDemo" */;
			compatibilityVersion = "Xcode 9.3";
			developmentRegion = en;
			hasScannedForEncodings = 0;
			knownRegions = (
				en,
				Base,
			);
			mainGroup = B3F49A532542E7EB00945CC6;
			productRefGroup = B3F49A5D2542E7EB00945CC6 /* Products */;
			projectDirPath = "";
			projectRoot = "";
			targets = (
				B3F49A5B2542E7EB00945CC6 /* ARDemo */,
			);
		};
/* End PBXProject section */

/* Begin PBXResourcesBuildPhase section */
		B3F49A5A2542E7EB00945CC6 /* Resources */ = {
			isa = PBXResourcesBuildPhase;
			buildActionMask = 2147483647;
			files = (
				B3809DCF2547F41F00B7CF51 /* AppConfig.plist in Resources */,
				B3F49A722542E7EC00945CC6 /* LaunchScreen.storyboard in Resources */,
				B3F49A6F2542E7EC00945CC6 /* Assets.xcassets in Resources */,
				B3F49A6A2542E7EB00945CC6 /* Main.storyboard in Resources */,
			);
			runOnlyForDeploymentPostprocessing = 0;
		};
/* End PBXResourcesBuildPhase section */

/* Begin PBXSourcesBuildPhase section */
		B3F49A582542E7EB00945CC6 /* Sources */ = {
			isa = PBXSourcesBuildPhase;
			buildActionMask = 2147483647;
			files = (
				B3F49A672542E7EB00945CC6 /* ViewController.m in Sources */,
				B36FEB9725441119004763FE /* SceneDelegate.m in Sources */,
				B3D9DD7C2546CBD600249BA4 /* ARViewUI.m in Sources */,
				B3511C6725A5C3AB00957788 /* PopOverView.m in Sources */,
				B3F49A612542E7EB00945CC6 /* AppDelegate.m in Sources */,
				B3F71EE32553CC73009A92A7 /* LoadingView.m in Sources */,
				B3C1A4C925471A2F003BC8FA /* main.mm in Sources */,
				B30C0256254A6AC200D3632A /* ARViewExtension.m in Sources */,
				B3F49A6D2542E7EB00945CC6 /* ARDemo.xcdatamodeld in Sources */,
				B373439A25B321C600590B84 /* NSObject+ARMOD.mm in Sources */,
			);
			runOnlyForDeploymentPostprocessing = 0;
		};
/* End PBXSourcesBuildPhase section */

/* Begin PBXVariantGroup section */
		B3F49A682542E7EB00945CC6 /* Main.storyboard */ = {
			isa = PBXVariantGroup;
			children = (
				B3F49A692542E7EB00945CC6 /* Base */,
			);
			name = Main.storyboard;
			sourceTree = "<group>";
		};
		B3F49A702542E7EC00945CC6 /* LaunchScreen.storyboard */ = {
			isa = PBXVariantGroup;
			children = (
				B3F49A712542E7EC00945CC6 /* Base */,
			);
			name = LaunchScreen.storyboard;
			sourceTree = "<group>";
		};
/* End PBXVariantGroup section */

/* Begin XCBuildConfiguration section */
		B3F49A762542E7EC00945CC6 /* Debug */ = {
			isa = XCBuildConfiguration;
			buildSettings = {
				ALWAYS_SEARCH_USER_PATHS = NO;
				ARCHS = arm64;
				CLANG_ANALYZER_NONNULL = YES;
				CLANG_ANALYZER_NUMBER_OBJECT_CONVERSION = YES_AGGRESSIVE;
				CLANG_CXX_LANGUAGE_STANDARD = "gnu++14";
				CLANG_CXX_LIBRARY = "libc++";
				CLANG_ENABLE_MODULES = YES;
				CLANG_ENABLE_OBJC_ARC = YES;
				CLANG_ENABLE_OBJC_WEAK = YES;
				CLANG_WARN_BLOCK_CAPTURE_AUTORELEASING = YES;
				CLANG_WARN_BOOL_CONVERSION = YES;
				CLANG_WARN_COMMA = YES;
				CLANG_WARN_CONSTANT_CONVERSION = YES;
				CLANG_WARN_DEPRECATED_OBJC_IMPLEMENTATIONS = YES;
				CLANG_WARN_DIRECT_OBJC_ISA_USAGE = YES_ERROR;
				CLANG_WARN_DOCUMENTATION_COMMENTS = YES;
				CLANG_WARN_EMPTY_BODY = YES;
				CLANG_WARN_ENUM_CONVERSION = YES;
				CLANG_WARN_INFINITE_RECURSION = YES;
				CLANG_WARN_INT_CONVERSION = YES;
				CLANG_WARN_NON_LITERAL_NULL_CONVERSION = YES;
				CLANG_WARN_OBJC_IMPLICIT_RETAIN_SELF = YES;
				CLANG_WARN_OBJC_LITERAL_CONVERSION = YES;
				CLANG_WARN_OBJC_ROOT_CLASS = YES_ERROR;
				CLANG_WARN_QUOTED_INCLUDE_IN_FRAMEWORK_HEADER = YES;
				CLANG_WARN_RANGE_LOOP_ANALYSIS = YES;
				CLANG_WARN_STRICT_PROTOTYPES = YES;
				CLANG_WARN_SUSPICIOUS_MOVE = YES;
				CLANG_WARN_UNGUARDED_AVAILABILITY = YES_AGGRESSIVE;
				CLANG_WARN_UNREACHABLE_CODE = YES;
				CLANG_WARN__DUPLICATE_METHOD_MATCH = YES;
				COPY_PHASE_STRIP = NO;
				DEBUG_INFORMATION_FORMAT = dwarf;
				ENABLE_STRICT_OBJC_MSGSEND = YES;
				ENABLE_TESTABILITY = YES;
				GCC_C_LANGUAGE_STANDARD = gnu11;
				GCC_DYNAMIC_NO_PIC = NO;
				GCC_NO_COMMON_BLOCKS = YES;
				GCC_OPTIMIZATION_LEVEL = 0;
				GCC_PREPROCESSOR_DEFINITIONS = (
					"DEBUG=1",
					"$(inherited)",
				);
				GCC_WARN_64_TO_32_BIT_CONVERSION = YES;
				GCC_WARN_ABOUT_RETURN_TYPE = YES_ERROR;
				GCC_WARN_UNDECLARED_SELECTOR = YES;
				GCC_WARN_UNINITIALIZED_AUTOS = YES_AGGRESSIVE;
				GCC_WARN_UNUSED_FUNCTION = YES;
				GCC_WARN_UNUSED_VARIABLE = YES;
				IPHONEOS_DEPLOYMENT_TARGET = 11.0;
				MTL_ENABLE_DEBUG_INFO = INCLUDE_SOURCE;
				MTL_FAST_MATH = YES;
				ONLY_ACTIVE_ARCH = YES;
				SDKROOT = iphoneos;
			};
			name = Debug;
		};
		B3F49A772542E7EC00945CC6 /* Release */ = {
			isa = XCBuildConfiguration;
			buildSettings = {
				ALWAYS_SEARCH_USER_PATHS = NO;
				ARCHS = arm64;
				CLANG_ANALYZER_NONNULL = YES;
				CLANG_ANALYZER_NUMBER_OBJECT_CONVERSION = YES_AGGRESSIVE;
				CLANG_CXX_LANGUAGE_STANDARD = "gnu++14";
				CLANG_CXX_LIBRARY = "libc++";
				CLANG_ENABLE_MODULES = YES;
				CLANG_ENABLE_OBJC_ARC = YES;
				CLANG_ENABLE_OBJC_WEAK = YES;
				CLANG_WARN_BLOCK_CAPTURE_AUTORELEASING = YES;
				CLANG_WARN_BOOL_CONVERSION = YES;
				CLANG_WARN_COMMA = YES;
				CLANG_WARN_CONSTANT_CONVERSION = YES;
				CLANG_WARN_DEPRECATED_OBJC_IMPLEMENTATIONS = YES;
				CLANG_WARN_DIRECT_OBJC_ISA_USAGE = YES_ERROR;
				CLANG_WARN_DOCUMENTATION_COMMENTS = YES;
				CLANG_WARN_EMPTY_BODY = YES;
				CLANG_WARN_ENUM_CONVERSION = YES;
				CLANG_WARN_INFINITE_RECURSION = YES;
				CLANG_WARN_INT_CONVERSION = YES;
				CLANG_WARN_NON_LITERAL_NULL_CONVERSION = YES;
				CLANG_WARN_OBJC_IMPLICIT_RETAIN_SELF = YES;
				CLANG_WARN_OBJC_LITERAL_CONVERSION = YES;
				CLANG_WARN_OBJC_ROOT_CLASS = YES_ERROR;
				CLANG_WARN_QUOTED_INCLUDE_IN_FRAMEWORK_HEADER = YES;
				CLANG_WARN_RANGE_LOOP_ANALYSIS = YES;
				CLANG_WARN_STRICT_PROTOTYPES = YES;
				CLANG_WARN_SUSPICIOUS_MOVE = YES;
				CLANG_WARN_UNGUARDED_AVAILABILITY = YES_AGGRESSIVE;
				CLANG_WARN_UNREACHABLE_CODE = YES;
				CLANG_WARN__DUPLICATE_METHOD_MATCH = YES;
				COPY_PHASE_STRIP = NO;
				DEBUG_INFORMATION_FORMAT = "dwarf-with-dsym";
				ENABLE_NS_ASSERTIONS = NO;
				ENABLE_STRICT_OBJC_MSGSEND = YES;
				GCC_C_LANGUAGE_STANDARD = gnu11;
				GCC_NO_COMMON_BLOCKS = YES;
				GCC_WARN_64_TO_32_BIT_CONVERSION = YES;
				GCC_WARN_ABOUT_RETURN_TYPE = YES_ERROR;
				GCC_WARN_UNDECLARED_SELECTOR = YES;
				GCC_WARN_UNINITIALIZED_AUTOS = YES_AGGRESSIVE;
				GCC_WARN_UNUSED_FUNCTION = YES;
				GCC_WARN_UNUSED_VARIABLE = YES;
				IPHONEOS_DEPLOYMENT_TARGET = 11.0;
				MTL_ENABLE_DEBUG_INFO = NO;
				MTL_FAST_MATH = YES;
				SDKROOT = iphoneos;
				VALIDATE_PRODUCT = YES;
			};
			name = Release;
		};
		B3F49A792542E7EC00945CC6 /* Debug */ = {
			isa = XCBuildConfiguration;
			buildSettings = {
				ARCHS = (
					"$(ARCHS_STANDARD)",
					arm64,
				);
				ASSETCATALOG_COMPILER_APPICON_NAME = AppIcon;
				ASSETCATALOG_COMPILER_GLOBAL_ACCENT_COLOR_NAME = AccentColor;
				CLANG_ENABLE_MODULES = YES;
				CODE_SIGN_STYLE = Automatic;
				DEVELOPMENT_TEAM = ZE624U53Z6;
				ENABLE_BITCODE = NO;
				FRAMEWORK_SEARCH_PATHS = (
					"\"$(SRCROOT)/ARDemo/\"",
					"$(PROJECT_DIR)/ARDemo",
					"\"$(SRCROOT)/../repos.local.git/LocalLibs\"",
					"$(PROJECT_DIR)/ARDemo/ARMOD\\ SDK",
					"$(PROJECT_DIR)/ARDemo/ARMOD\\ SDK",
				);
				HEADER_SEARCH_PATHS = "$(inherited)";
				INFOPLIST_FILE = ARDemo/Info.plist;
				LD_RUNPATH_SEARCH_PATHS = (
					"$(inherited)",
					"@executable_path/Frameworks",
				);
				LIBRARY_SEARCH_PATHS = "";
				PRODUCT_BUNDLE_IDENTIFIER = com.cell.ARDemo;
				PRODUCT_NAME = "$(TARGET_NAME)";
				SWIFT_OBJC_BRIDGING_HEADER = "ARDemo/ARDemo-Bridging-Header.h";
				SWIFT_OPTIMIZATION_LEVEL = "-Onone";
				SWIFT_VERSION = 5.0;
				TARGETED_DEVICE_FAMILY = "1,2";
			};
			name = Debug;
		};
		B3F49A7A2542E7EC00945CC6 /* Release */ = {
			isa = XCBuildConfiguration;
			buildSettings = {
				ARCHS = (
					"$(ARCHS_STANDARD)",
					arm64,
				);
				ASSETCATALOG_COMPILER_APPICON_NAME = AppIcon;
				ASSETCATALOG_COMPILER_GLOBAL_ACCENT_COLOR_NAME = AccentColor;
				CLANG_ENABLE_MODULES = YES;
				CODE_SIGN_STYLE = Automatic;
				DEVELOPMENT_TEAM = ZE624U53Z6;
				ENABLE_BITCODE = NO;
				FRAMEWORK_SEARCH_PATHS = (
					"\"$(SRCROOT)/ARDemo/\"",
					"$(PROJECT_DIR)/ARDemo",
					"\"$(SRCROOT)/../repos.local.git/LocalLibs\"",
					"$(PROJECT_DIR)/ARDemo/ARMOD\\ SDK",
					"$(PROJECT_DIR)/ARDemo/ARMOD\\ SDK",
				);
				HEADER_SEARCH_PATHS = "$(inherited)";
				INFOPLIST_FILE = ARDemo/Info.plist;
				LD_RUNPATH_SEARCH_PATHS = (
					"$(inherited)",
					"@executable_path/Frameworks",
				);
				LIBRARY_SEARCH_PATHS = "";
				PRODUCT_BUNDLE_IDENTIFIER = com.cell.ARDemo;
				PRODUCT_NAME = "$(TARGET_NAME)";
				SWIFT_OBJC_BRIDGING_HEADER = "ARDemo/ARDemo-Bridging-Header.h";
				SWIFT_VERSION = 5.0;
				TARGETED_DEVICE_FAMILY = "1,2";
			};
			name = Release;
		};
/* End XCBuildConfiguration section */

/* Begin XCConfigurationList section */
		B3F49A572542E7EB00945CC6 /* Build configuration list for PBXProject "ARDemo" */ = {
			isa = XCConfigurationList;
			buildConfigurations = (
				B3F49A762542E7EC00945CC6 /* Debug */,
				B3F49A772542E7EC00945CC6 /* Release */,
			);
			defaultConfigurationIsVisible = 0;
			defaultConfigurationName = Release;
		};
		B3F49A782542E7EC00945CC6 /* Build configuration list for PBXNativeTarget "ARDemo" */ = {
			isa = XCConfigurationList;
			buildConfigurations = (
				B3F49A792542E7EC00945CC6 /* Debug */,
				B3F49A7A2542E7EC00945CC6 /* Release */,
			);
			defaultConfigurationIsVisible = 0;
			defaultConfigurationName = Release;
		};
/* End XCConfigurationList section */

/* Begin XCVersionGroup section */
		B3F49A6B2542E7EB00945CC6 /* ARDemo.xcdatamodeld */ = {
			isa = XCVersionGroup;
			children = (
				B3F49A6C2542E7EB00945CC6 /* ARDemo.xcdatamodel */,
			);
			currentVersion = B3F49A6C2542E7EB00945CC6 /* ARDemo.xcdatamodel */;
			path = ARDemo.xcdatamodeld;
			sourceTree = "<group>";
			versionGroupType = wrapper.xcdatamodel;
		};
/* End XCVersionGroup section */
	};
	rootObject = B3F49A542542E7EB00945CC6 /* Project object */;
}
